{
  "requires": true,
  "lockfileVersion": 1,
  "dependencies": {
    "formbouncerjs": {
      "version": "1.4.6",
      "resolved": "https://registry.npmjs.org/formbouncerjs/-/formbouncerjs-1.4.6.tgz",
      "integrity": "sha512-uQL/ZFs5w79RPtgtPbmL8HTKrsEK2q7Fph/uBqe4sFNXIszcrVmHcJ3aj5sB4OTsFbV6igQX9819f/f5t5Wjgg=="
    }
  }
}
